version: 1
tests:
  205620e3b0c4019ed1:
    title: Skill teaches TEST.md authoring
    source: skills/TEST.md
    status: resolved
    content_hash: 2b3ba5d94ebd47249993960583038c38cc550ba5de4d9d79fe6019b056c9ca84
    resolved_at: "2026-04-07T18:56:12Z"
    failed_at: null
    message: null
    labels: {}
    files:
      skills/testmd/SKILL.md: 3c05fe91ec1dbc2c86607a04ce72943336656dcacacfdbc7a69680110792241c
  490d2fe3b0c45ab752:
    title: Agent skill is up to date
    source: TEST.md
    status: resolved
    content_hash: 3c2f4bdce1fd86be42308ff55b59d0ad01f7a8dbcbc892a146596a09392c86cf
    resolved_at: "2026-04-07T19:10:53Z"
    failed_at: null
    message: null
    labels: {}
    files:
      docs/cli.md: 6c7e676bbc185d8d948ae5d01ef9312b0209d3d86e367bff8f780ea585d1f5eb
      docs/specification.md: 33bdbc6a0d6bf1243556097be1c6f717fca81de8f8417e4f443cd8fd7433543f
      internal/cli/cli.go: c27b7bfadb2a762c15f9b104b6ba24b9df4615b468bc9b8df007b18f439277c4
      skills/testmd/SKILL.md: 3c05fe91ec1dbc2c86607a04ce72943336656dcacacfdbc7a69680110792241c
  5c7541e3b0c45ab752:
    title: Go implementation works correctly
    source: TEST.md
    status: resolved
    content_hash: ddc26bed973a0ce5eaf6a8d380bae70f7d51968b703023c021e859ac4b4699da
    resolved_at: "2026-04-07T18:59:18Z"
    failed_at: null
    message: null
    labels: {}
    files:
      cmd/testmd/main.go: f68f17819d1ec13d0b8a1480a9999348e0825c1583a4d93eeebd2d28d33944af
      internal/cli/cli.go: c27b7bfadb2a762c15f9b104b6ba24b9df4615b468bc9b8df007b18f439277c4
      internal/hashing/hashing.go: 7f956bd83bac38f29a81d42f8ab29880246251dd495c7741fbe079d55d5019bc
      internal/hashing/hashing_test.go: 6bcd339e43325be91eef12966726b45f8398c2bf3cc89012b7fd89fa02298749
      internal/models/models.go: 5e9ae43acc32bcb51195da16c1e6dbf52ec1460959c6ec08741e070131178b6f
      internal/parser/config.go: 2c9f19ad719cd700dcb3966c2ad23734012f1e875273f48266df3f925909b0ad
      internal/parser/parser.go: 1b40cf96ae8ff59da51498ecdbcdfdbf8a660b8435f9f368b8ad23e743cb1a21
      internal/parser/parser_test.go: fda96f7e75be18f26943594f90641652065fe54fe4afff27b602d93e02d39445
      internal/patterns/patterns.go: 6fda9b3548b37a3f8a1126bafbb674f04728eb6cee6a2701924acfa0c7806293
      internal/patterns/patterns_test.go: 787d576cbd4870b89d6f4058b6ba99a544703b24217f94a04dbe40deb7f93c8c
      internal/report/report.go: f54d14a202d6c8d6d96541d4c68c4f2f9118b43a533c4056750f04839c9180fa
      internal/resolver/resolver.go: 3437ed52dcc10c81a783ca2fef20b226783453d0fd1ceae303ffdc9996c03208
      internal/resolver/resolver_test.go: 8543928605586216cef0eaf01ffe2e651102d7afc228073e0cb71aad638160ce
      internal/state/flock.go: 0dcbffdca49f2b85050ec2ff2fde05a68b6a81e34e37cacbd92575a23f4f77d8
      internal/state/state.go: 7a006ae227b2476d8e6278b0e03a4ce0071a74442b7701a022f49640b331a8f0
      internal/state/state_test.go: e5c49391b37d0a21648facd6ec7447ea75aae7ca17307831be96e45488c453c8
  7a4284e3b0c45ab752:
    title: Documentation is accurate
    source: TEST.md
    status: resolved
    content_hash: 68885b20662891cdaa63d5e96712bac8f8bdad48280d39adf333b5fe27cb3f1f
    resolved_at: "2026-04-07T19:10:53Z"
    failed_at: null
    message: null
    labels: {}
    files:
      README.md: f6574e0d2361e880220bfa51026259cb9c10b1564a966597d112a7d8630fe168
      docs/architecture.md: ab55a010efe6699a7ff81c3d6c7c7c44024a4e8f4e2df76f970e7c62981bbd95
      docs/cli.md: 6c7e676bbc185d8d948ae5d01ef9312b0209d3d86e367bff8f780ea585d1f5eb
      docs/examples.md: 0c6ebbbc37ea15ea5b5c7d684987f774c223ca9ae1e0bfcbad7b3ee923dd3f74
      docs/specification.md: 33bdbc6a0d6bf1243556097be1c6f717fca81de8f8417e4f443cd8fd7433543f
  9ecd59e3b0c45ab752:
    title: Markdown code blocks are balanced
    source: TEST.md
    status: resolved
    content_hash: 9d389e101d02e9d02cef3b8f4591200d271014c41243bf0fdfef0151449683fb
    resolved_at: "2026-04-07T19:10:53Z"
    failed_at: null
    message: null
    labels: {}
    files:
      README.md: f6574e0d2361e880220bfa51026259cb9c10b1564a966597d112a7d8630fe168
      docs/architecture.md: ab55a010efe6699a7ff81c3d6c7c7c44024a4e8f4e2df76f970e7c62981bbd95
      docs/cli.md: 6c7e676bbc185d8d948ae5d01ef9312b0209d3d86e367bff8f780ea585d1f5eb
      docs/examples.md: 0c6ebbbc37ea15ea5b5c7d684987f774c223ca9ae1e0bfcbad7b3ee923dd3f74
      docs/screenshot-terminal.png: 9d29b81b3031ec0dc681d6279aff0871dd3a8c8a9aeff45e1c3c3343c92e79a2
      docs/specification.md: 33bdbc6a0d6bf1243556097be1c6f717fca81de8f8417e4f443cd8fd7433543f
      skills/testmd/SKILL.md: 3c05fe91ec1dbc2c86607a04ce72943336656dcacacfdbc7a69680110792241c
  a46e4ee3b0c4019ed1:
    title: Skill teaches ci fix workflow
    source: skills/TEST.md
    status: resolved
    content_hash: 2b3ba5d94ebd47249993960583038c38cc550ba5de4d9d79fe6019b056c9ca84
    resolved_at: "2026-04-07T18:56:12Z"
    failed_at: null
    message: null
    labels: {}
    files:
      skills/testmd/SKILL.md: 3c05fe91ec1dbc2c86607a04ce72943336656dcacacfdbc7a69680110792241c
  b3f18ce3b0c4019ed1:
    title: Skill enforces correct tool usage
    source: skills/TEST.md
    status: resolved
    content_hash: 2b3ba5d94ebd47249993960583038c38cc550ba5de4d9d79fe6019b056c9ca84
    resolved_at: "2026-04-07T18:56:12Z"
    failed_at: null
    message: null
    labels: {}
    files:
      skills/testmd/SKILL.md: 3c05fe91ec1dbc2c86607a04ce72943336656dcacacfdbc7a69680110792241c
  d00d48e3b0c4019ed1:
    title: Skill documents commands and format accurately
    source: skills/TEST.md
    status: resolved
    content_hash: 2b3ba5d94ebd47249993960583038c38cc550ba5de4d9d79fe6019b056c9ca84
    resolved_at: "2026-04-07T18:56:12Z"
    failed_at: null
    message: null
    labels: {}
    files:
      skills/testmd/SKILL.md: 3c05fe91ec1dbc2c86607a04ce72943336656dcacacfdbc7a69680110792241c
  d3f855e3b0c4019ed1:
    title: Skill includes detailed documentation in references
    source: skills/TEST.md
    status: resolved
    content_hash: 283697afe8420c15497e48463c6190eb7abdc8081040b363d7b2e429cd6dd026
    resolved_at: "2026-04-07T19:10:53Z"
    failed_at: null
    message: null
    labels: {}
    files:
      skills/testmd/SKILL.md: 3c05fe91ec1dbc2c86607a04ce72943336656dcacacfdbc7a69680110792241c
      skills/testmd/references/architecture.md: f2883d29d3fca3c08484fc72729a46098058b592fc49e27fb7080fc61ad475b9
      skills/testmd/references/cli.md: 5fd9380bb89d33334afefe0413699dab04f344668c2c7456a5bdb2aaff311d38
      skills/testmd/references/examples.md: 39894b7b3713a30b17a392ed49e3fbd51ef5516fd5fe3068880ebc1d72eaa647
      skills/testmd/references/specification.md: aaf76004b0b91b0e9df051da4bffe597dd131cd7accb76234bc2354a6521e4cb
  d64569e3b0c4019ed1:
    title: Skill describes installation correctly
    source: skills/TEST.md
    status: resolved
    content_hash: 2b3ba5d94ebd47249993960583038c38cc550ba5de4d9d79fe6019b056c9ca84
    resolved_at: "2026-04-07T18:56:12Z"
    failed_at: null
    message: null
    labels: {}
    files:
      skills/testmd/SKILL.md: 3c05fe91ec1dbc2c86607a04ce72943336656dcacacfdbc7a69680110792241c
  d64569e3b0c41b9fb9:
    title: Skill describes installation correctly
    source: skills/testmd/TEST.md
    status: resolved
    content_hash: 00bd41a621078518f0d46414792a318f3a6973a2c69d3d62f7b0fe7f62464995
    resolved_at: "2026-04-07T17:59:50Z"
    failed_at: null
    message: null
    labels: {}
    files:
      skills/testmd/SKILL.md: daeaa43cc6f367cc2f92341893018fcfd99870dcf55782fc2c488d2f2de7f85b
  fb0b4ae3b0c4019ed1:
    title: Skill teaches meaningful resolve/fail
    source: skills/TEST.md
    status: resolved
    content_hash: 2b3ba5d94ebd47249993960583038c38cc550ba5de4d9d79fe6019b056c9ca84
    resolved_at: "2026-04-07T18:56:12Z"
    failed_at: null
    message: null
    labels: {}
    files:
      skills/testmd/SKILL.md: 3c05fe91ec1dbc2c86607a04ce72943336656dcacacfdbc7a69680110792241c
